<Solution>
  <Folder Name="/TopScoreApi.Tests/">
    <Project Path="TopScoreApi.Tests/IntegrationTests/IntegrationTests.csproj" />
    <Project Path="TopScoreApi.Tests/UnitTests/UnitTests.csproj" />
  </Folder>
  <Project Path="TopScoreApi.Application/TopScoreApi.Application.csproj" />
  <Project Path="TopScoreApi.Domain/TopScoreApi.Domain.csproj" />
  <Project Path="TopScoreApi.Infrastructure/TopScoreApi.Infrastructure.csproj" />
  <Project Path="TopScoreApi.Web/TopScoreApi.Web.csproj" />
  <Project Path="TopScorerCLI/TopScorerCLI.csproj" />
</Solution>
